# This file is automatically @generated by Cargo.
# It is not intended for manual editing.
version = 4

[[package]]
name = "shadowseek"
version = "0.1.0-dev"

[[package]]
name = "shadowseek-core"
version = "0.0.0"

[[package]]
name = "shadowseek-extractor"
version = "0.0.0"

[[package]]
name = "shadowseek-hashing"
version = "0.0.0"

[[package]]
name = "shadowseek-index"
version = "0.0.0"

[[package]]
name = "shadowseek-tui"
version = "0.0.0"
